# THIS IS AN AUTOGENERATED FILE. DO NOT EDIT THIS FILE DIRECTLY.
# yarn lockfile v1


"pkg2@file:C:\\Users\\jdara\\Documents\\cobble\\examples\\node_yarn_workspaces\\workspace\\packages\\pkg2":
  "resolved" "file:packages/pkg2"

"typescript@^5.5.3":
  "integrity" "sha512-Mtq29sKDAEYP7aljRgtPOpTvOfbwRWlS6dPRzwjdE+C0R4brX/GUyhHSecbHMFLNBLcJIPt9nl9yG5TZ1weH+Q=="
  "resolved" "https://registry.npmjs.org/typescript/-/typescript-5.5.4.tgz"
  "version" "5.5.4"
